
Microsoft Visual Studio Solution File, Format Version 12.00
# Visual Studio Version 17
VisualStudioVersion = 17.13.35828.75 d17.13
MinimumVisualStudioVersion = 10.0.40219.1
Project("{FAE04EC0-301F-11D3-BF4B-00C04F79EFBC}") = "Gestao-de-Equipamentos.ConsoleApp", "Gestao-de-Equipamentos.ConsoleApp\Gestao-de-Equipamentos.ConsoleApp.csproj", "{BA7E248D-BA8D-433A-A394-F02206D51EDB}"
EndProject
Global
	GlobalSection(SolutionConfigurationPlatforms) = preSolution
		Debug|Any CPU = Debug|Any CPU
		Release|Any CPU = Release|Any CPU
	EndGlobalSection
	GlobalSection(ProjectConfigurationPlatforms) = postSolution
		{BA7E248D-BA8D-433A-A394-F02206D51EDB}.Debug|Any CPU.ActiveCfg = Debug|Any CPU
		{BA7E248D-BA8D-433A-A394-F02206D51EDB}.Debug|Any CPU.Build.0 = Debug|Any CPU
		{BA7E248D-BA8D-433A-A394-F02206D51EDB}.Release|Any CPU.ActiveCfg = Release|Any CPU
		{BA7E248D-BA8D-433A-A394-F02206D51EDB}.Release|Any CPU.Build.0 = Release|Any CPU
	EndGlobalSection
	GlobalSection(SolutionProperties) = preSolution
		HideSolutionNode = FALSE
	EndGlobalSection
	GlobalSection(ExtensibilityGlobals) = postSolution
		SolutionGuid = {B0DFFD75-B5AF-4E6F-9940-26D160B99264}
	EndGlobalSection
EndGlobal
